// !$*UTF8*$!
{
	archiveVersion = 1;
	classes = {
	};
	objectVersion = 46;
	objects = {

/* Begin PBXBuildFile section */
		E1F126111A7062D000C8D2BD /* AppDelegate.swift in Sources */ = {isa = PBXBuildFile; fileRef = E1F126101A7062D000C8D2BD /* AppDelegate.swift */; };
		E1F126131A7062D000C8D2BD /* ViewController.swift in Sources */ = {isa = PBXBuildFile; fileRef = E1F126121A7062D000C8D2BD /* ViewController.swift */; };
		E1F126161A7062D000C8D2BD /* Main.storyboard in Resources */ = {isa = PBXBuildFile; fileRef = E1F126141A7062D000C8D2BD /* Main.storyboard */; };
		E1F126181A7062D000C8D2BD /* Images.xcassets in Resources */ = {isa = PBXBuildFile; fileRef = E1F126171A7062D000C8D2BD /* Images.xcassets */; };
		E1F1261B1A7062D000C8D2BD /* LaunchScreen.xib in Resources */ = {isa = PBXBuildFile; fileRef = E1F126191A7062D000C8D2BD /* LaunchScreen.xib */; };
		E1F126271A7062D000C8D2BD /* GitHubFirstTry1Tests.swift in Sources */ = {isa = PBXBuildFile; fileRef = E1F126261A7062D000C8D2BD /* GitHubFirstTry1Tests.swift */; };
/* End PBXBuildFile section */

/* Begin PBXContainerItemProxy section */
		E1F126211A7062D000C8D2BD /* PBXContainerItemProxy */ = {
			isa = PBXContainerItemProxy;
			containerPortal = E1F126031A7062D000C8D2BD /* Project object */;
			proxyType = 1;
			remoteGlobalIDString = E1F1260A1A7062D000C8D2BD;
			remoteInfo = GitHubFirstTry1;
		};
/* End PBXContainerItemProxy section */

/* Begin PBXFileReference section */
		E1F1260B1A7062D000C8D2BD /* GitHubFirstTry1.app */ = {isa = PBXFileReference; explicitFileType = wrapper.application; includeInIndex = 0; path = GitHubFirstTry1.app; sourceTree = BUILT_PRODUCTS_DIR; };
		E1F1260F1A7062D000C8D2BD /* Info.plist */ = {isa = PBXFileReference; lastKnownFileType = text.plist.xml; path = Info.plist; sourceTree = "<group>"; };
		E1F126101A7062D000C8D2BD /* AppDelegate.swift */ = {isa = PBXFileReference; lastKnownFileType = sourcecode.swift; path = AppDelegate.swift; sourceTree = "<group>"; };
		E1F126121A7062D000C8D2BD /* ViewController.swift */ = {isa = PBXFileReference; lastKnownFileType = sourcecode.swift; path = ViewController.swift; sourceTree = "<group>"; };
		E1F126151A7062D000C8D2BD /* Base */ = {isa = PBXFileReference; lastKnownFileType = file.storyboard; name = Base; path = Base.lproj/Main.storyboard; sourceTree = "<group>"; };
		E1F126171A7062D000C8D2BD /* Images.xcassets */ = {isa = PBXFileReference; lastKnownFileType = folder.assetcatalog; path = Images.xcassets; sourceTree = "<group>"; };
		E1F1261A1A7062D000C8D2BD /* Base */ = {isa = PBXFileReference; lastKnownFileType = file.xib; name = Base; path = Base.lproj/LaunchScreen.xib; sourceTree = "<group>"; };
		E1F126201A7062D000C8D2BD /* GitHubFirstTry1Tests.xctest */ = {isa = PBXFileReference; explicitFileType = wrapper.cfbundle; includeInIndex = 0; path = GitHubFirstTry1Tests.xctest; sourceTree = BUILT_PRODUCTS_DIR; };
		E1F126251A7062D000C8D2BD /* Info.plist */ = {isa = PBXFileReference; lastKnownFileType = text.plist.xml; path = Info.plist; sourceTree = "<group>"; };
		E1F126261A7062D000C8D2BD /* GitHubFirstTry1Tests.swift */ = {isa = PBXFileReference; lastKnownFileType = sourcecode.swift; path = GitHubFirstTry1Tests.swift; sourceTree = "<group>"; };
/* End PBXFileReference section */

/* Begin PBXFrameworksBuildPhase section */
		E1F126081A7062D000C8D2BD /* Frameworks */ = {
			isa = PBXFrameworksBuildPhase;
			buildActionMask = 2147483647;
			files = (
			);
			runOnlyForDeploymentPostprocessing = 0;
		};
		E1F1261D1A7062D000C8D2BD /* Frameworks */ = {
			isa = PBXFrameworksBuildPhase;
			buildActionMask = 2147483647;
			files = (
			);
			runOnlyForDeploymentPostprocessing = 0;
		};
/* End PBXFrameworksBuildPhase section */

/* Begin PBXGroup section */
		E1F126021A7062D000C8D2BD = {
			isa = PBXGroup;
			children = (
				E1F1260D1A7062D000C8D2BD /* GitHubFirstTry1 */,
				E1F126231A7062D000C8D2BD /* GitHubFirstTry1Tests */,
				E1F1260C1A7062D000C8D2BD /* Products */,
			);
			sourceTree = "<group>";
		};
		E1F1260C1A7062D000C8D2BD /* Products */ = {
			isa = PBXGroup;
			children = (
				E1F1260B1A7062D000C8D2BD /* GitHubFirstTry1.app */,
				E1F126201A7062D000C8D2BD /* GitHubFirstTry1Tests.xctest */,
			);
			name = Products;
			sourceTree = "<group>";
		};
		E1F1260D1A7062D000C8D2BD /* GitHubFirstTry1 */ = {
			isa = PBXGroup;
			children = (
				E1F126101A7062D000C8D2BD /* AppDelegate.swift */,
				E1F126121A7062D000C8D2BD /* ViewController.swift */,
				E1F126141A7062D000C8D2BD /* Main.storyboard */,
				E1F126171A7062D000C8D2BD /* Images.xcassets */,
				E1F126191A7062D000C8D2BD /* LaunchScreen.xib */,
				E1F1260E1A7062D000C8D2BD /* Supporting Files */,
			);
			path = GitHubFirstTry1;
			sourceTree = "<group>";
		};
		E1F1260E1A7062D000C8D2BD /* Supporting Files */ = {
			isa = PBXGroup;
			children = (
				E1F1260F1A7062D000C8D2BD /* Info.plist */,
			);
			name = "Supporting Files";
			sourceTree = "<group>";
		};
		E1F126231A7062D000C8D2BD /* GitHubFirstTry1Tests */ = {
			isa = PBXGroup;
			children = (
				E1F126261A7062D000C8D2BD /* GitHubFirstTry1Tests.swift */,
				E1F126241A7062D000C8D2BD /* Supporting Files */,
			);
			path = GitHubFirstTry1Tests;
			sourceTree = "<group>";
		};
		E1F126241A7062D000C8D2BD /* Supporting Files */ = {
			isa = PBXGroup;
			children = (
				E1F126251A7062D000C8D2BD /* Info.plist */,
			);
			name = "Supporting Files";
			sourceTree = "<group>";
		};
/* End PBXGroup section */

/* Begin PBXNativeTarget section */
		E1F1260A1A7062D000C8D2BD /* GitHubFirstTry1 */ = {
			isa = PBXNativeTarget;
			buildConfigurationList = E1F1262A1A7062D000C8D2BD /* Build configuration list for PBXNativeTarget "GitHubFirstTry1" */;
			buildPhases = (
				E1F126071A7062D000C8D2BD /* Sources */,
				E1F126081A7062D000C8D2BD /* Frameworks */,
				E1F126091A7062D000C8D2BD /* Resources */,
			);
			buildRules = (
			);
			dependencies = (
			);
			name = GitHubFirstTry1;
			productName = GitHubFirstTry1;
			productReference = E1F1260B1A7062D000C8D2BD /* GitHubFirstTry1.app */;
			productType = "com.apple.product-type.application";
		};
		E1F1261F1A7062D000C8D2BD /* GitHubFirstTry1Tests */ = {
			isa = PBXNativeTarget;
			buildConfigurationList = E1F1262D1A7062D000C8D2BD /* Build configuration list for PBXNativeTarget "GitHubFirstTry1Tests" */;
			buildPhases = (
				E1F1261C1A7062D000C8D2BD /* Sources */,
				E1F1261D1A7062D000C8D2BD /* Frameworks */,
				E1F1261E1A7062D000C8D2BD /* Resources */,
			);
			buildRules = (
			);
			dependencies = (
				E1F126221A7062D000C8D2BD /* PBXTargetDependency */,
			);
			name = GitHubFirstTry1Tests;
			productName = GitHubFirstTry1Tests;
			productReference = E1F126201A7062D000C8D2BD /* GitHubFirstTry1Tests.xctest */;
			productType = "com.apple.product-type.bundle.unit-test";
		};
/* End PBXNativeTarget section */

/* Begin PBXProject section */
		E1F126031A7062D000C8D2BD /* Project object */ = {
			isa = PBXProject;
			attributes = {
				LastUpgradeCheck = 0610;
				ORGANIZATIONNAME = marcB_III;
				TargetAttributes = {
					E1F1260A1A7062D000C8D2BD = {
						CreatedOnToolsVersion = 6.1.1;
					};
					E1F1261F1A7062D000C8D2BD = {
						CreatedOnToolsVersion = 6.1.1;
						TestTargetID = E1F1260A1A7062D000C8D2BD;
					};
				};
			};
			buildConfigurationList = E1F126061A7062D000C8D2BD /* Build configuration list for PBXProject "GitHubFirstTry1" */;
			compatibilityVersion = "Xcode 3.2";
			developmentRegion = English;
			hasScannedForEncodings = 0;
			knownRegions = (
				en,
				Base,
			);
			mainGroup = E1F126021A7062D000C8D2BD;
			productRefGroup = E1F1260C1A7062D000C8D2BD /* Products */;
			projectDirPath = "";
			projectRoot = "";
			targets = (
				E1F1260A1A7062D000C8D2BD /* GitHubFirstTry1 */,
				E1F1261F1A7062D000C8D2BD /* GitHubFirstTry1Tests */,
			);
		};
/* End PBXProject section */

/* Begin PBXResourcesBuildPhase section */
		E1F126091A7062D000C8D2BD /* Resources */ = {
			isa = PBXResourcesBuildPhase;
			buildActionMask = 2147483647;
			files = (
				E1F126161A7062D000C8D2BD /* Main.storyboard in Resources */,
				E1F1261B1A7062D000C8D2BD /* LaunchScreen.xib in Resources */,
				E1F126181A7062D000C8D2BD /* Images.xcassets in Resources */,
			);
			runOnlyForDeploymentPostprocessing = 0;
		};
		E1F1261E1A7062D000C8D2BD /* Resources */ = {
			isa = PBXResourcesBuildPhase;
			buildActionMask = 2147483647;
			files = (
			);
			runOnlyForDeploymentPostprocessing = 0;
		};
/* End PBXResourcesBuildPhase section */

/* Begin PBXSourcesBuildPhase section */
		E1F126071A7062D000C8D2BD /* Sources */ = {
			isa = PBXSourcesBuildPhase;
			buildActionMask = 2147483647;
			files = (
				E1F126131A7062D000C8D2BD /* ViewController.swift in Sources */,
				E1F126111A7062D000C8D2BD /* AppDelegate.swift in Sources */,
			);
			runOnlyForDeploymentPostprocessing = 0;
		};
		E1F1261C1A7062D000C8D2BD /* Sources */ = {
			isa = PBXSourcesBuildPhase;
			buildActionMask = 2147483647;
			files = (
				E1F126271A7062D000C8D2BD /* GitHubFirstTry1Tests.swift in Sources */,
			);
			runOnlyForDeploymentPostprocessing = 0;
		};
/* End PBXSourcesBuildPhase section */

/* Begin PBXTargetDependency section */
		E1F126221A7062D000C8D2BD /* PBXTargetDependency */ = {
			isa = PBXTargetDependency;
			target = E1F1260A1A7062D000C8D2BD /* GitHubFirstTry1 */;
			targetProxy = E1F126211A7062D000C8D2BD /* PBXContainerItemProxy */;
		};
/* End PBXTargetDependency section */

/* Begin PBXVariantGroup section */
		E1F126141A7062D000C8D2BD /* Main.storyboard */ = {
			isa = PBXVariantGroup;
			children = (
				E1F126151A7062D000C8D2BD /* Base */,
			);
			name = Main.storyboard;
			sourceTree = "<group>";
		};
		E1F126191A7062D000C8D2BD /* LaunchScreen.xib */ = {
			isa = PBXVariantGroup;
			children = (
				E1F1261A1A7062D000C8D2BD /* Base */,
			);
			name = LaunchScreen.xib;
			sourceTree = "<group>";
		};
/* End PBXVariantGroup section */

/* Begin XCBuildConfiguration section */
		E1F126281A7062D000C8D2BD /* Debug */ = {
			isa = XCBuildConfiguration;
			buildSettings = {
				ALWAYS_SEARCH_USER_PATHS = NO;
				CLANG_CXX_LANGUAGE_STANDARD = "gnu++0x";
				CLANG_CXX_LIBRARY = "libc++";
				CLANG_ENABLE_MODULES = YES;
				CLANG_ENABLE_OBJC_ARC = YES;
				CLANG_WARN_BOOL_CONVERSION = YES;
				CLANG_WARN_CONSTANT_CONVERSION = YES;
				CLANG_WARN_DIRECT_OBJC_ISA_USAGE = YES_ERROR;
				CLANG_WARN_EMPTY_BODY = YES;
				CLANG_WARN_ENUM_CONVERSION = YES;
				CLANG_WARN_INT_CONVERSION = YES;
				CLANG_WARN_OBJC_ROOT_CLASS = YES_ERROR;
				CLANG_WARN_UNREACHABLE_CODE = YES;
				CLANG_WARN__DUPLICATE_METHOD_MATCH = YES;
				"CODE_SIGN_IDENTITY[sdk=iphoneos*]" = "iPhone Developer";
				COPY_PHASE_STRIP = NO;
				ENABLE_STRICT_OBJC_MSGSEND = YES;
				GCC_C_LANGUAGE_STANDARD = gnu99;
				GCC_DYNAMIC_NO_PIC = NO;
				GCC_OPTIMIZATION_LEVEL = 0;
				GCC_PREPROCESSOR_DEFINITIONS = (
					"DEBUG=1",
					"$(inherited)",
				);
				GCC_SYMBOLS_PRIVATE_EXTERN = NO;
				GCC_WARN_64_TO_32_BIT_CONVERSION = YES;
				GCC_WARN_ABOUT_RETURN_TYPE = YES_ERROR;
				GCC_WARN_UNDECLARED_SELECTOR = YES;
				GCC_WARN_UNINITIALIZED_AUTOS = YES_AGGRESSIVE;
				GCC_WARN_UNUSED_FUNCTION = YES;
				GCC_WARN_UNUSED_VARIABLE = YES;
				IPHONEOS_DEPLOYMENT_TARGET = 8.1;
				MTL_ENABLE_DEBUG_INFO = YES;
				ONLY_ACTIVE_ARCH = YES;
				SDKROOT = iphoneos;
				SWIFT_OPTIMIZATION_LEVEL = "-Onone";
			};
			name = Debug;
		};
		E1F126291A7062D000C8D2BD /* Release */ = {
			isa = XCBuildConfiguration;
			buildSettings = {
				ALWAYS_SEARCH_USER_PATHS = NO;
				CLANG_CXX_LANGUAGE_STANDARD = "gnu++0x";
				CLANG_CXX_LIBRARY = "libc++";
				CLANG_ENABLE_MODULES = YES;
				CLANG_ENABLE_OBJC_ARC = YES;
				CLANG_WARN_BOOL_CONVERSION = YES;
				CLANG_WARN_CONSTANT_CONVERSION = YES;
				CLANG_WARN_DIRECT_OBJC_ISA_USAGE = YES_ERROR;
				CLANG_WARN_EMPTY_BODY = YES;
				CLANG_WARN_ENUM_CONVERSION = YES;
				CLANG_WARN_INT_CONVERSION = YES;
				CLANG_WARN_OBJC_ROOT_CLASS = YES_ERROR;
				CLANG_WARN_UNREACHABLE_CODE = YES;
				CLANG_WARN__DUPLICATE_METHOD_MATCH = YES;
				"CODE_SIGN_IDENTITY[sdk=iphoneos*]" = "iPhone Developer";
				COPY_PHASE_STRIP = YES;
				ENABLE_NS_ASSERTIONS = NO;
				ENABLE_STRICT_OBJC_MSGSEND = YES;
				GCC_C_LANGUAGE_STANDARD = gnu99;
				GCC_WARN_64_TO_32_BIT_CONVERSION = YES;
				GCC_WARN_ABOUT_RETURN_TYPE = YES_ERROR;
				GCC_WARN_UNDECLARED_SELECTOR = YES;
				GCC_WARN_UNINITIALIZED_AUTOS = YES_AGGRESSIVE;
				GCC_WARN_UNUSED_FUNCTION = YES;
				GCC_WARN_UNUSED_VARIABLE = YES;
				IPHONEOS_DEPLOYMENT_TARGET = 8.1;
				MTL_ENABLE_DEBUG_INFO = NO;
				SDKROOT = iphoneos;
				VALIDATE_PRODUCT = YES;
			};
			name = Release;
		};
		E1F1262B1A7062D000C8D2BD /* Debug */ = {
			isa = XCBuildConfiguration;
			buildSettings = {
				ASSETCATALOG_COMPILER_APPICON_NAME = AppIcon;
				INFOPLIST_FILE = GitHubFirstTry1/Info.plist;
				LD_RUNPATH_SEARCH_PATHS = "$(inherited) @executable_path/Frameworks";
				PRODUCT_NAME = "$(TARGET_NAME)";
			};
			name = Debug;
		};
		E1F1262C1A7062D000C8D2BD /* Release */ = {
			isa = XCBuildConfiguration;
			buildSettings = {
				ASSETCATALOG_COMPILER_APPICON_NAME = AppIcon;
				INFOPLIST_FILE = GitHubFirstTry1/Info.plist;
				LD_RUNPATH_SEARCH_PATHS = "$(inherited) @executable_path/Frameworks";
				PRODUCT_NAME = "$(TARGET_NAME)";
			};
			name = Release;
		};
		E1F1262E1A7062D000C8D2BD /* Debug */ = {
			isa = XCBuildConfiguration;
			buildSettings = {
				BUNDLE_LOADER = "$(TEST_HOST)";
				FRAMEWORK_SEARCH_PATHS = (
					"$(SDKROOT)/Developer/Library/Frameworks",
					"$(inherited)",
				);
				GCC_PREPROCESSOR_DEFINITIONS = (
					"DEBUG=1",
					"$(inherited)",
				);
				INFOPLIST_FILE = GitHubFirstTry1Tests/Info.plist;
				LD_RUNPATH_SEARCH_PATHS = "$(inherited) @executable_path/Frameworks @loader_path/Frameworks";
				PRODUCT_NAME = "$(TARGET_NAME)";
				TEST_HOST = "$(BUILT_PRODUCTS_DIR)/GitHubFirstTry1.app/GitHubFirstTry1";
			};
			name = Debug;
		};
		E1F1262F1A7062D000C8D2BD /* Release */ = {
			isa = XCBuildConfiguration;
			buildSettings = {
				BUNDLE_LOADER = "$(TEST_HOST)";
				FRAMEWORK_SEARCH_PATHS = (
					"$(SDKROOT)/Developer/Library/Frameworks",
					"$(inherited)",
				);
				INFOPLIST_FILE = GitHubFirstTry1Tests/Info.plist;
				LD_RUNPATH_SEARCH_PATHS = "$(inherited) @executable_path/Frameworks @loader_path/Frameworks";
				PRODUCT_NAME = "$(TARGET_NAME)";
				TEST_HOST = "$(BUILT_PRODUCTS_DIR)/GitHubFirstTry1.app/GitHubFirstTry1";
			};
			name = Release;
		};
/* End XCBuildConfiguration section */

/* Begin XCConfigurationList section */
		E1F126061A7062D000C8D2BD /* Build configuration list for PBXProject "GitHubFirstTry1" */ = {
			isa = XCConfigurationList;
			buildConfigurations = (
				E1F126281A7062D000C8D2BD /* Debug */,
				E1F126291A7062D000C8D2BD /* Release */,
			);
			defaultConfigurationIsVisible = 0;
			defaultConfigurationName = Release;
		};
		E1F1262A1A7062D000C8D2BD /* Build configuration list for PBXNativeTarget "GitHubFirstTry1" */ = {
			isa = XCConfigurationList;
			buildConfigurations = (
				E1F1262B1A7062D000C8D2BD /* Debug */,
				E1F1262C1A7062D000C8D2BD /* Release */,
			);
			defaultConfigurationIsVisible = 0;
		};
		E1F1262D1A7062D000C8D2BD /* Build configuration list for PBXNativeTarget "GitHubFirstTry1Tests" */ = {
			isa = XCConfigurationList;
			buildConfigurations = (
				E1F1262E1A7062D000C8D2BD /* Debug */,
				E1F1262F1A7062D000C8D2BD /* Release */,
			);
			defaultConfigurationIsVisible = 0;
		};
/* End XCConfigurationList section */
	};
	rootObject = E1F126031A7062D000C8D2BD /* Project object */;
}
